// !$*UTF8*$!
{
	archiveVersion = 1;
	classes = {
	};
	objectVersion = 46;
	objects = {

/* Begin PBXBuildFile section */
		22C0050D1B67FF86006E43F7 /* AppDelegate.swift in Sources */ = {isa = PBXBuildFile; fileRef = 22C0050C1B67FF86006E43F7 /* AppDelegate.swift */; };
		22C0050F1B67FF86006E43F7 /* ViewController.swift in Sources */ = {isa = PBXBuildFile; fileRef = 22C0050E1B67FF86006E43F7 /* ViewController.swift */; };
		22C005121B67FF86006E43F7 /* Main.storyboard in Resources */ = {isa = PBXBuildFile; fileRef = 22C005101B67FF86006E43F7 /* Main.storyboard */; };
		22C005141B67FF86006E43F7 /* Assets.xcassets in Resources */ = {isa = PBXBuildFile; fileRef = 22C005131B67FF86006E43F7 /* Assets.xcassets */; };
		22C005171B67FF86006E43F7 /* LaunchScreen.storyboard in Resources */ = {isa = PBXBuildFile; fileRef = 22C005151B67FF86006E43F7 /* LaunchScreen.storyboard */; };
		22C005221B67FF87006E43F7 /* TDDAPPLTests.swift in Sources */ = {isa = PBXBuildFile; fileRef = 22C005211B67FF87006E43F7 /* TDDAPPLTests.swift */; };
		22C0052D1B67FF87006E43F7 /* TDDAPPLUITests.swift in Sources */ = {isa = PBXBuildFile; fileRef = 22C0052C1B67FF87006E43F7 /* TDDAPPLUITests.swift */; };
/* End PBXBuildFile section */

/* Begin PBXContainerItemProxy section */
		22C0051E1B67FF87006E43F7 /* PBXContainerItemProxy */ = {
			isa = PBXContainerItemProxy;
			containerPortal = 22C005011B67FF85006E43F7 /* Project object */;
			proxyType = 1;
			remoteGlobalIDString = 22C005081B67FF86006E43F7;
			remoteInfo = TDDAPPL;
		};
		22C005291B67FF87006E43F7 /* PBXContainerItemProxy */ = {
			isa = PBXContainerItemProxy;
			containerPortal = 22C005011B67FF85006E43F7 /* Project object */;
			proxyType = 1;
			remoteGlobalIDString = 22C005081B67FF86006E43F7;
			remoteInfo = TDDAPPL;
		};
/* End PBXContainerItemProxy section */

/* Begin PBXFileReference section */
		22C005091B67FF86006E43F7 /* TDDAPPL.app */ = {isa = PBXFileReference; explicitFileType = wrapper.application; includeInIndex = 0; path = TDDAPPL.app; sourceTree = BUILT_PRODUCTS_DIR; };
		22C0050C1B67FF86006E43F7 /* AppDelegate.swift */ = {isa = PBXFileReference; lastKnownFileType = sourcecode.swift; path = AppDelegate.swift; sourceTree = "<group>"; };
		22C0050E1B67FF86006E43F7 /* ViewController.swift */ = {isa = PBXFileReference; lastKnownFileType = sourcecode.swift; path = ViewController.swift; sourceTree = "<group>"; };
		22C005111B67FF86006E43F7 /* Base */ = {isa = PBXFileReference; lastKnownFileType = file.storyboard; name = Base; path = Base.lproj/Main.storyboard; sourceTree = "<group>"; };
		22C005131B67FF86006E43F7 /* Assets.xcassets */ = {isa = PBXFileReference; lastKnownFileType = folder.assetcatalog; path = Assets.xcassets; sourceTree = "<group>"; };
		22C005161B67FF86006E43F7 /* Base */ = {isa = PBXFileReference; lastKnownFileType = file.storyboard; name = Base; path = Base.lproj/LaunchScreen.storyboard; sourceTree = "<group>"; };
		22C005181B67FF86006E43F7 /* Info.plist */ = {isa = PBXFileReference; lastKnownFileType = text.plist.xml; path = Info.plist; sourceTree = "<group>"; };
		22C0051D1B67FF87006E43F7 /* TDDAPPLTests.xctest */ = {isa = PBXFileReference; explicitFileType = wrapper.cfbundle; includeInIndex = 0; path = TDDAPPLTests.xctest; sourceTree = BUILT_PRODUCTS_DIR; };
		22C005211B67FF87006E43F7 /* TDDAPPLTests.swift */ = {isa = PBXFileReference; lastKnownFileType = sourcecode.swift; path = TDDAPPLTests.swift; sourceTree = "<group>"; };
		22C005231B67FF87006E43F7 /* Info.plist */ = {isa = PBXFileReference; lastKnownFileType = text.plist.xml; path = Info.plist; sourceTree = "<group>"; };
		22C005281B67FF87006E43F7 /* TDDAPPLUITests.xctest */ = {isa = PBXFileReference; explicitFileType = wrapper.cfbundle; includeInIndex = 0; path = TDDAPPLUITests.xctest; sourceTree = BUILT_PRODUCTS_DIR; };
		22C0052C1B67FF87006E43F7 /* TDDAPPLUITests.swift */ = {isa = PBXFileReference; lastKnownFileType = sourcecode.swift; path = TDDAPPLUITests.swift; sourceTree = "<group>"; };
		22C0052E1B67FF87006E43F7 /* Info.plist */ = {isa = PBXFileReference; lastKnownFileType = text.plist.xml; path = Info.plist; sourceTree = "<group>"; };
/* End PBXFileReference section */

/* Begin PBXFrameworksBuildPhase section */
		22C005061B67FF86006E43F7 /* Frameworks */ = {
			isa = PBXFrameworksBuildPhase;
			buildActionMask = 2147483647;
			files = (
			);
			runOnlyForDeploymentPostprocessing = 0;
		};
		22C0051A1B67FF87006E43F7 /* Frameworks */ = {
			isa = PBXFrameworksBuildPhase;
			buildActionMask = 2147483647;
			files = (
			);
			runOnlyForDeploymentPostprocessing = 0;
		};
		22C005251B67FF87006E43F7 /* Frameworks */ = {
			isa = PBXFrameworksBuildPhase;
			buildActionMask = 2147483647;
			files = (
			);
			runOnlyForDeploymentPostprocessing = 0;
		};
/* End PBXFrameworksBuildPhase section */

/* Begin PBXGroup section */
		22C005001B67FF85006E43F7 = {
			isa = PBXGroup;
			children = (
				22C0050B1B67FF86006E43F7 /* TDDAPPL */,
				22C005201B67FF87006E43F7 /* TDDAPPLTests */,
				22C0052B1B67FF87006E43F7 /* TDDAPPLUITests */,
				22C0050A1B67FF86006E43F7 /* Products */,
			);
			sourceTree = "<group>";
		};
		22C0050A1B67FF86006E43F7 /* Products */ = {
			isa = PBXGroup;
			children = (
				22C005091B67FF86006E43F7 /* TDDAPPL.app */,
				22C0051D1B67FF87006E43F7 /* TDDAPPLTests.xctest */,
				22C005281B67FF87006E43F7 /* TDDAPPLUITests.xctest */,
			);
			name = Products;
			sourceTree = "<group>";
		};
		22C0050B1B67FF86006E43F7 /* TDDAPPL */ = {
			isa = PBXGroup;
			children = (
				22C0050C1B67FF86006E43F7 /* AppDelegate.swift */,
				22C0050E1B67FF86006E43F7 /* ViewController.swift */,
				22C005101B67FF86006E43F7 /* Main.storyboard */,
				22C005131B67FF86006E43F7 /* Assets.xcassets */,
				22C005151B67FF86006E43F7 /* LaunchScreen.storyboard */,
				22C005181B67FF86006E43F7 /* Info.plist */,
			);
			path = TDDAPPL;
			sourceTree = "<group>";
		};
		22C005201B67FF87006E43F7 /* TDDAPPLTests */ = {
			isa = PBXGroup;
			children = (
				22C005211B67FF87006E43F7 /* TDDAPPLTests.swift */,
				22C005231B67FF87006E43F7 /* Info.plist */,
			);
			path = TDDAPPLTests;
			sourceTree = "<group>";
		};
		22C0052B1B67FF87006E43F7 /* TDDAPPLUITests */ = {
			isa = PBXGroup;
			children = (
				22C0052C1B67FF87006E43F7 /* TDDAPPLUITests.swift */,
				22C0052E1B67FF87006E43F7 /* Info.plist */,
			);
			path = TDDAPPLUITests;
			sourceTree = "<group>";
		};
/* End PBXGroup section */

/* Begin PBXNativeTarget section */
		22C005081B67FF86006E43F7 /* TDDAPPL */ = {
			isa = PBXNativeTarget;
			buildConfigurationList = 22C005311B67FF87006E43F7 /* Build configuration list for PBXNativeTarget "TDDAPPL" */;
			buildPhases = (
				22C005051B67FF86006E43F7 /* Sources */,
				22C005061B67FF86006E43F7 /* Frameworks */,
				22C005071B67FF86006E43F7 /* Resources */,
			);
			buildRules = (
			);
			dependencies = (
			);
			name = TDDAPPL;
			productName = TDDAPPL;
			productReference = 22C005091B67FF86006E43F7 /* TDDAPPL.app */;
			productType = "com.apple.product-type.application";
		};
		22C0051C1B67FF87006E43F7 /* TDDAPPLTests */ = {
			isa = PBXNativeTarget;
			buildConfigurationList = 22C005341B67FF87006E43F7 /* Build configuration list for PBXNativeTarget "TDDAPPLTests" */;
			buildPhases = (
				22C005191B67FF87006E43F7 /* Sources */,
				22C0051A1B67FF87006E43F7 /* Frameworks */,
				22C0051B1B67FF87006E43F7 /* Resources */,
			);
			buildRules = (
			);
			dependencies = (
				22C0051F1B67FF87006E43F7 /* PBXTargetDependency */,
			);
			name = TDDAPPLTests;
			productName = TDDAPPLTests;
			productReference = 22C0051D1B67FF87006E43F7 /* TDDAPPLTests.xctest */;
			productType = "com.apple.product-type.bundle.unit-test";
		};
		22C005271B67FF87006E43F7 /* TDDAPPLUITests */ = {
			isa = PBXNativeTarget;
			buildConfigurationList = 22C005371B67FF87006E43F7 /* Build configuration list for PBXNativeTarget "TDDAPPLUITests" */;
			buildPhases = (
				22C005241B67FF87006E43F7 /* Sources */,
				22C005251B67FF87006E43F7 /* Frameworks */,
				22C005261B67FF87006E43F7 /* Resources */,
			);
			buildRules = (
			);
			dependencies = (
				22C0052A1B67FF87006E43F7 /* PBXTargetDependency */,
			);
			name = TDDAPPLUITests;
			productName = TDDAPPLUITests;
			productReference = 22C005281B67FF87006E43F7 /* TDDAPPLUITests.xctest */;
			productType = "com.apple.product-type.bundle.ui-testing";
		};
/* End PBXNativeTarget section */

/* Begin PBXProject section */
		22C005011B67FF85006E43F7 /* Project object */ = {
			isa = PBXProject;
			attributes = {
				LastUpgradeCheck = 0700;
				ORGANIZATIONNAME = "Beyond 2021";
				TargetAttributes = {
					22C005081B67FF86006E43F7 = {
						CreatedOnToolsVersion = 7.0;
					};
					22C0051C1B67FF87006E43F7 = {
						CreatedOnToolsVersion = 7.0;
						TestTargetID = 22C005081B67FF86006E43F7;
					};
					22C005271B67FF87006E43F7 = {
						CreatedOnToolsVersion = 7.0;
						TestTargetID = 22C005081B67FF86006E43F7;
					};
				};
			};
			buildConfigurationList = 22C005041B67FF85006E43F7 /* Build configuration list for PBXProject "TDDAPPL" */;
			compatibilityVersion = "Xcode 3.2";
			developmentRegion = English;
			hasScannedForEncodings = 0;
			knownRegions = (
				en,
				Base,
			);
			mainGroup = 22C005001B67FF85006E43F7;
			productRefGroup = 22C0050A1B67FF86006E43F7 /* Products */;
			projectDirPath = "";
			projectRoot = "";
			targets = (
				22C005081B67FF86006E43F7 /* TDDAPPL */,
				22C0051C1B67FF87006E43F7 /* TDDAPPLTests */,
				22C005271B67FF87006E43F7 /* TDDAPPLUITests */,
			);
		};
/* End PBXProject section */

/* Begin PBXResourcesBuildPhase section */
		22C005071B67FF86006E43F7 /* Resources */ = {
			isa = PBXResourcesBuildPhase;
			buildActionMask = 2147483647;
			files = (
				22C005171B67FF86006E43F7 /* LaunchScreen.storyboard in Resources */,
				22C005141B67FF86006E43F7 /* Assets.xcassets in Resources */,
				22C005121B67FF86006E43F7 /* Main.storyboard in Resources */,
			);
			runOnlyForDeploymentPostprocessing = 0;
		};
		22C0051B1B67FF87006E43F7 /* Resources */ = {
			isa = PBXResourcesBuildPhase;
			buildActionMask = 2147483647;
			files = (
			);
			runOnlyForDeploymentPostprocessing = 0;
		};
		22C005261B67FF87006E43F7 /* Resources */ = {
			isa = PBXResourcesBuildPhase;
			buildActionMask = 2147483647;
			files = (
			);
			runOnlyForDeploymentPostprocessing = 0;
		};
/* End PBXResourcesBuildPhase section */

/* Begin PBXSourcesBuildPhase section */
		22C005051B67FF86006E43F7 /* Sources */ = {
			isa = PBXSourcesBuildPhase;
			buildActionMask = 2147483647;
			files = (
				22C0050F1B67FF86006E43F7 /* ViewController.swift in Sources */,
				22C0050D1B67FF86006E43F7 /* AppDelegate.swift in Sources */,
			);
			runOnlyForDeploymentPostprocessing = 0;
		};
		22C005191B67FF87006E43F7 /* Sources */ = {
			isa = PBXSourcesBuildPhase;
			buildActionMask = 2147483647;
			files = (
				22C005221B67FF87006E43F7 /* TDDAPPLTests.swift in Sources */,
			);
			runOnlyForDeploymentPostprocessing = 0;
		};
		22C005241B67FF87006E43F7 /* Sources */ = {
			isa = PBXSourcesBuildPhase;
			buildActionMask = 2147483647;
			files = (
				22C0052D1B67FF87006E43F7 /* TDDAPPLUITests.swift in Sources */,
			);
			runOnlyForDeploymentPostprocessing = 0;
		};
/* End PBXSourcesBuildPhase section */

/* Begin PBXTargetDependency section */
		22C0051F1B67FF87006E43F7 /* PBXTargetDependency */ = {
			isa = PBXTargetDependency;
			target = 22C005081B67FF86006E43F7 /* TDDAPPL */;
			targetProxy = 22C0051E1B67FF87006E43F7 /* PBXContainerItemProxy */;
		};
		22C0052A1B67FF87006E43F7 /* PBXTargetDependency */ = {
			isa = PBXTargetDependency;
			target = 22C005081B67FF86006E43F7 /* TDDAPPL */;
			targetProxy = 22C005291B67FF87006E43F7 /* PBXContainerItemProxy */;
		};
/* End PBXTargetDependency section */

/* Begin PBXVariantGroup section */
		22C005101B67FF86006E43F7 /* Main.storyboard */ = {
			isa = PBXVariantGroup;
			children = (
				22C005111B67FF86006E43F7 /* Base */,
			);
			name = Main.storyboard;
			sourceTree = "<group>";
		};
		22C005151B67FF86006E43F7 /* LaunchScreen.storyboard */ = {
			isa = PBXVariantGroup;
			children = (
				22C005161B67FF86006E43F7 /* Base */,
			);
			name = LaunchScreen.storyboard;
			sourceTree = "<group>";
		};
/* End PBXVariantGroup section */

/* Begin XCBuildConfiguration section */
		22C0052F1B67FF87006E43F7 /* Debug */ = {
			isa = XCBuildConfiguration;
			buildSettings = {
				ALWAYS_SEARCH_USER_PATHS = NO;
				CLANG_CXX_LANGUAGE_STANDARD = "gnu++0x";
				CLANG_CXX_LIBRARY = "libc++";
				CLANG_ENABLE_MODULES = YES;
				CLANG_ENABLE_OBJC_ARC = YES;
				CLANG_WARN_BOOL_CONVERSION = YES;
				CLANG_WARN_CONSTANT_CONVERSION = YES;
				CLANG_WARN_DIRECT_OBJC_ISA_USAGE = YES_ERROR;
				CLANG_WARN_EMPTY_BODY = YES;
				CLANG_WARN_ENUM_CONVERSION = YES;
				CLANG_WARN_INT_CONVERSION = YES;
				CLANG_WARN_OBJC_ROOT_CLASS = YES_ERROR;
				CLANG_WARN_UNREACHABLE_CODE = YES;
				CLANG_WARN__DUPLICATE_METHOD_MATCH = YES;
				"CODE_SIGN_IDENTITY[sdk=iphoneos*]" = "iPhone Developer";
				COPY_PHASE_STRIP = NO;
				DEBUG_INFORMATION_FORMAT = dwarf;
				ENABLE_STRICT_OBJC_MSGSEND = YES;
				ENABLE_TESTABILITY = YES;
				GCC_C_LANGUAGE_STANDARD = gnu99;
				GCC_DYNAMIC_NO_PIC = NO;
				GCC_NO_COMMON_BLOCKS = YES;
				GCC_OPTIMIZATION_LEVEL = 0;
				GCC_PREPROCESSOR_DEFINITIONS = (
					"DEBUG=1",
					"$(inherited)",
				);
				GCC_WARN_64_TO_32_BIT_CONVERSION = YES;
				GCC_WARN_ABOUT_RETURN_TYPE = YES_ERROR;
				GCC_WARN_UNDECLARED_SELECTOR = YES;
				GCC_WARN_UNINITIALIZED_AUTOS = YES_AGGRESSIVE;
				GCC_WARN_UNUSED_FUNCTION = YES;
				GCC_WARN_UNUSED_VARIABLE = YES;
				IPHONEOS_DEPLOYMENT_TARGET = 9.0;
				MTL_ENABLE_DEBUG_INFO = YES;
				ONLY_ACTIVE_ARCH = YES;
				SDKROOT = iphoneos;
				SWIFT_OPTIMIZATION_LEVEL = "-Onone";
			};
			name = Debug;
		};
		22C005301B67FF87006E43F7 /* Release */ = {
			isa = XCBuildConfiguration;
			buildSettings = {
				ALWAYS_SEARCH_USER_PATHS = NO;
				CLANG_CXX_LANGUAGE_STANDARD = "gnu++0x";
				CLANG_CXX_LIBRARY = "libc++";
				CLANG_ENABLE_MODULES = YES;
				CLANG_ENABLE_OBJC_ARC = YES;
				CLANG_WARN_BOOL_CONVERSION = YES;
				CLANG_WARN_CONSTANT_CONVERSION = YES;
				CLANG_WARN_DIRECT_OBJC_ISA_USAGE = YES_ERROR;
				CLANG_WARN_EMPTY_BODY = YES;
				CLANG_WARN_ENUM_CONVERSION = YES;
				CLANG_WARN_INT_CONVERSION = YES;
				CLANG_WARN_OBJC_ROOT_CLASS = YES_ERROR;
				CLANG_WARN_UNREACHABLE_CODE = YES;
				CLANG_WARN__DUPLICATE_METHOD_MATCH = YES;
				"CODE_SIGN_IDENTITY[sdk=iphoneos*]" = "iPhone Developer";
				COPY_PHASE_STRIP = NO;
				DEBUG_INFORMATION_FORMAT = "dwarf-with-dsym";
				ENABLE_NS_ASSERTIONS = NO;
				ENABLE_STRICT_OBJC_MSGSEND = YES;
				GCC_C_LANGUAGE_STANDARD = gnu99;
				GCC_NO_COMMON_BLOCKS = YES;
				GCC_WARN_64_TO_32_BIT_CONVERSION = YES;
				GCC_WARN_ABOUT_RETURN_TYPE = YES_ERROR;
				GCC_WARN_UNDECLARED_SELECTOR = YES;
				GCC_WARN_UNINITIALIZED_AUTOS = YES_AGGRESSIVE;
				GCC_WARN_UNUSED_FUNCTION = YES;
				GCC_WARN_UNUSED_VARIABLE = YES;
				IPHONEOS_DEPLOYMENT_TARGET = 9.0;
				MTL_ENABLE_DEBUG_INFO = NO;
				SDKROOT = iphoneos;
				VALIDATE_PRODUCT = YES;
			};
			name = Release;
		};
		22C005321B67FF87006E43F7 /* Debug */ = {
			isa = XCBuildConfiguration;
			buildSettings = {
				ASSETCATALOG_COMPILER_APPICON_NAME = AppIcon;
				INFOPLIST_FILE = TDDAPPL/Info.plist;
				LD_RUNPATH_SEARCH_PATHS = "$(inherited) @executable_path/Frameworks";
				PRODUCT_BUNDLE_IDENTIFIER = com.beyond2021.TDDAPPL;
				PRODUCT_NAME = "$(TARGET_NAME)";
			};
			name = Debug;
		};
		22C005331B67FF87006E43F7 /* Release */ = {
			isa = XCBuildConfiguration;
			buildSettings = {
				ASSETCATALOG_COMPILER_APPICON_NAME = AppIcon;
				INFOPLIST_FILE = TDDAPPL/Info.plist;
				LD_RUNPATH_SEARCH_PATHS = "$(inherited) @executable_path/Frameworks";
				PRODUCT_BUNDLE_IDENTIFIER = com.beyond2021.TDDAPPL;
				PRODUCT_NAME = "$(TARGET_NAME)";
			};
			name = Release;
		};
		22C005351B67FF87006E43F7 /* Debug */ = {
			isa = XCBuildConfiguration;
			buildSettings = {
				BUNDLE_LOADER = "$(TEST_HOST)";
				INFOPLIST_FILE = TDDAPPLTests/Info.plist;
				LD_RUNPATH_SEARCH_PATHS = "$(inherited) @executable_path/Frameworks @loader_path/Frameworks";
				PRODUCT_BUNDLE_IDENTIFIER = com.beyond2021.TDDAPPLTests;
				PRODUCT_NAME = "$(TARGET_NAME)";
				TEST_HOST = "$(BUILT_PRODUCTS_DIR)/TDDAPPL.app/TDDAPPL";
			};
			name = Debug;
		};
		22C005361B67FF87006E43F7 /* Release */ = {
			isa = XCBuildConfiguration;
			buildSettings = {
				BUNDLE_LOADER = "$(TEST_HOST)";
				INFOPLIST_FILE = TDDAPPLTests/Info.plist;
				LD_RUNPATH_SEARCH_PATHS = "$(inherited) @executable_path/Frameworks @loader_path/Frameworks";
				PRODUCT_BUNDLE_IDENTIFIER = com.beyond2021.TDDAPPLTests;
				PRODUCT_NAME = "$(TARGET_NAME)";
				TEST_HOST = "$(BUILT_PRODUCTS_DIR)/TDDAPPL.app/TDDAPPL";
			};
			name = Release;
		};
		22C005381B67FF87006E43F7 /* Debug */ = {
			isa = XCBuildConfiguration;
			buildSettings = {
				INFOPLIST_FILE = TDDAPPLUITests/Info.plist;
				LD_RUNPATH_SEARCH_PATHS = "$(inherited) @executable_path/Frameworks @loader_path/Frameworks";
				PRODUCT_BUNDLE_IDENTIFIER = com.beyond2021.TDDAPPLUITests;
				PRODUCT_NAME = "$(TARGET_NAME)";
				TEST_TARGET_NAME = TDDAPPL;
				USES_XCTRUNNER = YES;
			};
			name = Debug;
		};
		22C005391B67FF87006E43F7 /* Release */ = {
			isa = XCBuildConfiguration;
			buildSettings = {
				INFOPLIST_FILE = TDDAPPLUITests/Info.plist;
				LD_RUNPATH_SEARCH_PATHS = "$(inherited) @executable_path/Frameworks @loader_path/Frameworks";
				PRODUCT_BUNDLE_IDENTIFIER = com.beyond2021.TDDAPPLUITests;
				PRODUCT_NAME = "$(TARGET_NAME)";
				TEST_TARGET_NAME = TDDAPPL;
				USES_XCTRUNNER = YES;
			};
			name = Release;
		};
/* End XCBuildConfiguration section */

/* Begin XCConfigurationList section */
		22C005041B67FF85006E43F7 /* Build configuration list for PBXProject "TDDAPPL" */ = {
			isa = XCConfigurationList;
			buildConfigurations = (
				22C0052F1B67FF87006E43F7 /* Debug */,
				22C005301B67FF87006E43F7 /* Release */,
			);
			defaultConfigurationIsVisible = 0;
			defaultConfigurationName = Release;
		};
		22C005311B67FF87006E43F7 /* Build configuration list for PBXNativeTarget "TDDAPPL" */ = {
			isa = XCConfigurationList;
			buildConfigurations = (
				22C005321B67FF87006E43F7 /* Debug */,
				22C005331B67FF87006E43F7 /* Release */,
			);
			defaultConfigurationIsVisible = 0;
		};
		22C005341B67FF87006E43F7 /* Build configuration list for PBXNativeTarget "TDDAPPLTests" */ = {
			isa = XCConfigurationList;
			buildConfigurations = (
				22C005351B67FF87006E43F7 /* Debug */,
				22C005361B67FF87006E43F7 /* Release */,
			);
			defaultConfigurationIsVisible = 0;
		};
		22C005371B67FF87006E43F7 /* Build configuration list for PBXNativeTarget "TDDAPPLUITests" */ = {
			isa = XCConfigurationList;
			buildConfigurations = (
				22C005381B67FF87006E43F7 /* Debug */,
				22C005391B67FF87006E43F7 /* Release */,
			);
			defaultConfigurationIsVisible = 0;
		};
/* End XCConfigurationList section */
	};
	rootObject = 22C005011B67FF85006E43F7 /* Project object */;
}
