// !$*UTF8*$!
{
	archiveVersion = 1;
	classes = {
	};
	objectVersion = 46;
	objects = {

/* Begin PBXBuildFile section */
		223145D61B66A5DE00084DC7 /* AppDelegate.swift in Sources */ = {isa = PBXBuildFile; fileRef = 223145D51B66A5DE00084DC7 /* AppDelegate.swift */; };
		223145D81B66A5DE00084DC7 /* ViewController.swift in Sources */ = {isa = PBXBuildFile; fileRef = 223145D71B66A5DE00084DC7 /* ViewController.swift */; };
		223145DB1B66A5DE00084DC7 /* Main.storyboard in Resources */ = {isa = PBXBuildFile; fileRef = 223145D91B66A5DE00084DC7 /* Main.storyboard */; };
		223145DD1B66A5DE00084DC7 /* Assets.xcassets in Resources */ = {isa = PBXBuildFile; fileRef = 223145DC1B66A5DE00084DC7 /* Assets.xcassets */; };
		223145E01B66A5DE00084DC7 /* LaunchScreen.storyboard in Resources */ = {isa = PBXBuildFile; fileRef = 223145DE1B66A5DE00084DC7 /* LaunchScreen.storyboard */; };
		223145EB1B66A5DF00084DC7 /* TDDSwiftTests.swift in Sources */ = {isa = PBXBuildFile; fileRef = 223145EA1B66A5DF00084DC7 /* TDDSwiftTests.swift */; };
		223145F61B66A5DF00084DC7 /* TDDSwiftUITests.swift in Sources */ = {isa = PBXBuildFile; fileRef = 223145F51B66A5DF00084DC7 /* TDDSwiftUITests.swift */; };
/* End PBXBuildFile section */

/* Begin PBXContainerItemProxy section */
		223145E71B66A5DE00084DC7 /* PBXContainerItemProxy */ = {
			isa = PBXContainerItemProxy;
			containerPortal = 223145CA1B66A5DE00084DC7 /* Project object */;
			proxyType = 1;
			remoteGlobalIDString = 223145D11B66A5DE00084DC7;
			remoteInfo = TDDSwift;
		};
		223145F21B66A5DF00084DC7 /* PBXContainerItemProxy */ = {
			isa = PBXContainerItemProxy;
			containerPortal = 223145CA1B66A5DE00084DC7 /* Project object */;
			proxyType = 1;
			remoteGlobalIDString = 223145D11B66A5DE00084DC7;
			remoteInfo = TDDSwift;
		};
/* End PBXContainerItemProxy section */

/* Begin PBXFileReference section */
		223145D21B66A5DE00084DC7 /* TDDSwift.app */ = {isa = PBXFileReference; explicitFileType = wrapper.application; includeInIndex = 0; path = TDDSwift.app; sourceTree = BUILT_PRODUCTS_DIR; };
		223145D51B66A5DE00084DC7 /* AppDelegate.swift */ = {isa = PBXFileReference; lastKnownFileType = sourcecode.swift; path = AppDelegate.swift; sourceTree = "<group>"; };
		223145D71B66A5DE00084DC7 /* ViewController.swift */ = {isa = PBXFileReference; lastKnownFileType = sourcecode.swift; path = ViewController.swift; sourceTree = "<group>"; };
		223145DA1B66A5DE00084DC7 /* Base */ = {isa = PBXFileReference; lastKnownFileType = file.storyboard; name = Base; path = Base.lproj/Main.storyboard; sourceTree = "<group>"; };
		223145DC1B66A5DE00084DC7 /* Assets.xcassets */ = {isa = PBXFileReference; lastKnownFileType = folder.assetcatalog; path = Assets.xcassets; sourceTree = "<group>"; };
		223145DF1B66A5DE00084DC7 /* Base */ = {isa = PBXFileReference; lastKnownFileType = file.storyboard; name = Base; path = Base.lproj/LaunchScreen.storyboard; sourceTree = "<group>"; };
		223145E11B66A5DE00084DC7 /* Info.plist */ = {isa = PBXFileReference; lastKnownFileType = text.plist.xml; path = Info.plist; sourceTree = "<group>"; };
		223145E61B66A5DE00084DC7 /* TDDSwiftTests.xctest */ = {isa = PBXFileReference; explicitFileType = wrapper.cfbundle; includeInIndex = 0; path = TDDSwiftTests.xctest; sourceTree = BUILT_PRODUCTS_DIR; };
		223145EA1B66A5DF00084DC7 /* TDDSwiftTests.swift */ = {isa = PBXFileReference; lastKnownFileType = sourcecode.swift; path = TDDSwiftTests.swift; sourceTree = "<group>"; };
		223145EC1B66A5DF00084DC7 /* Info.plist */ = {isa = PBXFileReference; lastKnownFileType = text.plist.xml; path = Info.plist; sourceTree = "<group>"; };
		223145F11B66A5DF00084DC7 /* TDDSwiftUITests.xctest */ = {isa = PBXFileReference; explicitFileType = wrapper.cfbundle; includeInIndex = 0; path = TDDSwiftUITests.xctest; sourceTree = BUILT_PRODUCTS_DIR; };
		223145F51B66A5DF00084DC7 /* TDDSwiftUITests.swift */ = {isa = PBXFileReference; lastKnownFileType = sourcecode.swift; path = TDDSwiftUITests.swift; sourceTree = "<group>"; };
		223145F71B66A5DF00084DC7 /* Info.plist */ = {isa = PBXFileReference; lastKnownFileType = text.plist.xml; path = Info.plist; sourceTree = "<group>"; };
/* End PBXFileReference section */

/* Begin PBXFrameworksBuildPhase section */
		223145CF1B66A5DE00084DC7 /* Frameworks */ = {
			isa = PBXFrameworksBuildPhase;
			buildActionMask = 2147483647;
			files = (
			);
			runOnlyForDeploymentPostprocessing = 0;
		};
		223145E31B66A5DE00084DC7 /* Frameworks */ = {
			isa = PBXFrameworksBuildPhase;
			buildActionMask = 2147483647;
			files = (
			);
			runOnlyForDeploymentPostprocessing = 0;
		};
		223145EE1B66A5DF00084DC7 /* Frameworks */ = {
			isa = PBXFrameworksBuildPhase;
			buildActionMask = 2147483647;
			files = (
			);
			runOnlyForDeploymentPostprocessing = 0;
		};
/* End PBXFrameworksBuildPhase section */

/* Begin PBXGroup section */
		223145C91B66A5DE00084DC7 = {
			isa = PBXGroup;
			children = (
				223145D41B66A5DE00084DC7 /* TDDSwift */,
				223145E91B66A5DE00084DC7 /* TDDSwiftTests */,
				223145F41B66A5DF00084DC7 /* TDDSwiftUITests */,
				223145D31B66A5DE00084DC7 /* Products */,
			);
			sourceTree = "<group>";
		};
		223145D31B66A5DE00084DC7 /* Products */ = {
			isa = PBXGroup;
			children = (
				223145D21B66A5DE00084DC7 /* TDDSwift.app */,
				223145E61B66A5DE00084DC7 /* TDDSwiftTests.xctest */,
				223145F11B66A5DF00084DC7 /* TDDSwiftUITests.xctest */,
			);
			name = Products;
			sourceTree = "<group>";
		};
		223145D41B66A5DE00084DC7 /* TDDSwift */ = {
			isa = PBXGroup;
			children = (
				223145D51B66A5DE00084DC7 /* AppDelegate.swift */,
				223145D71B66A5DE00084DC7 /* ViewController.swift */,
				223145D91B66A5DE00084DC7 /* Main.storyboard */,
				223145DC1B66A5DE00084DC7 /* Assets.xcassets */,
				223145DE1B66A5DE00084DC7 /* LaunchScreen.storyboard */,
				223145E11B66A5DE00084DC7 /* Info.plist */,
			);
			path = TDDSwift;
			sourceTree = "<group>";
		};
		223145E91B66A5DE00084DC7 /* TDDSwiftTests */ = {
			isa = PBXGroup;
			children = (
				223145EA1B66A5DF00084DC7 /* TDDSwiftTests.swift */,
				223145EC1B66A5DF00084DC7 /* Info.plist */,
			);
			path = TDDSwiftTests;
			sourceTree = "<group>";
		};
		223145F41B66A5DF00084DC7 /* TDDSwiftUITests */ = {
			isa = PBXGroup;
			children = (
				223145F51B66A5DF00084DC7 /* TDDSwiftUITests.swift */,
				223145F71B66A5DF00084DC7 /* Info.plist */,
			);
			path = TDDSwiftUITests;
			sourceTree = "<group>";
		};
/* End PBXGroup section */

/* Begin PBXNativeTarget section */
		223145D11B66A5DE00084DC7 /* TDDSwift */ = {
			isa = PBXNativeTarget;
			buildConfigurationList = 223145FA1B66A5DF00084DC7 /* Build configuration list for PBXNativeTarget "TDDSwift" */;
			buildPhases = (
				223145CE1B66A5DE00084DC7 /* Sources */,
				223145CF1B66A5DE00084DC7 /* Frameworks */,
				223145D01B66A5DE00084DC7 /* Resources */,
			);
			buildRules = (
			);
			dependencies = (
			);
			name = TDDSwift;
			productName = TDDSwift;
			productReference = 223145D21B66A5DE00084DC7 /* TDDSwift.app */;
			productType = "com.apple.product-type.application";
		};
		223145E51B66A5DE00084DC7 /* TDDSwiftTests */ = {
			isa = PBXNativeTarget;
			buildConfigurationList = 223145FD1B66A5DF00084DC7 /* Build configuration list for PBXNativeTarget "TDDSwiftTests" */;
			buildPhases = (
				223145E21B66A5DE00084DC7 /* Sources */,
				223145E31B66A5DE00084DC7 /* Frameworks */,
				223145E41B66A5DE00084DC7 /* Resources */,
			);
			buildRules = (
			);
			dependencies = (
				223145E81B66A5DE00084DC7 /* PBXTargetDependency */,
			);
			name = TDDSwiftTests;
			productName = TDDSwiftTests;
			productReference = 223145E61B66A5DE00084DC7 /* TDDSwiftTests.xctest */;
			productType = "com.apple.product-type.bundle.unit-test";
		};
		223145F01B66A5DF00084DC7 /* TDDSwiftUITests */ = {
			isa = PBXNativeTarget;
			buildConfigurationList = 223146001B66A5DF00084DC7 /* Build configuration list for PBXNativeTarget "TDDSwiftUITests" */;
			buildPhases = (
				223145ED1B66A5DF00084DC7 /* Sources */,
				223145EE1B66A5DF00084DC7 /* Frameworks */,
				223145EF1B66A5DF00084DC7 /* Resources */,
			);
			buildRules = (
			);
			dependencies = (
				223145F31B66A5DF00084DC7 /* PBXTargetDependency */,
			);
			name = TDDSwiftUITests;
			productName = TDDSwiftUITests;
			productReference = 223145F11B66A5DF00084DC7 /* TDDSwiftUITests.xctest */;
			productType = "com.apple.product-type.bundle.ui-testing";
		};
/* End PBXNativeTarget section */

/* Begin PBXProject section */
		223145CA1B66A5DE00084DC7 /* Project object */ = {
			isa = PBXProject;
			attributes = {
				LastUpgradeCheck = 0700;
				ORGANIZATIONNAME = "Beyond 2021";
				TargetAttributes = {
					223145D11B66A5DE00084DC7 = {
						CreatedOnToolsVersion = 7.0;
					};
					223145E51B66A5DE00084DC7 = {
						CreatedOnToolsVersion = 7.0;
						TestTargetID = 223145D11B66A5DE00084DC7;
					};
					223145F01B66A5DF00084DC7 = {
						CreatedOnToolsVersion = 7.0;
						TestTargetID = 223145D11B66A5DE00084DC7;
					};
				};
			};
			buildConfigurationList = 223145CD1B66A5DE00084DC7 /* Build configuration list for PBXProject "TDDSwift" */;
			compatibilityVersion = "Xcode 3.2";
			developmentRegion = English;
			hasScannedForEncodings = 0;
			knownRegions = (
				en,
				Base,
			);
			mainGroup = 223145C91B66A5DE00084DC7;
			productRefGroup = 223145D31B66A5DE00084DC7 /* Products */;
			projectDirPath = "";
			projectRoot = "";
			targets = (
				223145D11B66A5DE00084DC7 /* TDDSwift */,
				223145E51B66A5DE00084DC7 /* TDDSwiftTests */,
				223145F01B66A5DF00084DC7 /* TDDSwiftUITests */,
			);
		};
/* End PBXProject section */

/* Begin PBXResourcesBuildPhase section */
		223145D01B66A5DE00084DC7 /* Resources */ = {
			isa = PBXResourcesBuildPhase;
			buildActionMask = 2147483647;
			files = (
				223145E01B66A5DE00084DC7 /* LaunchScreen.storyboard in Resources */,
				223145DD1B66A5DE00084DC7 /* Assets.xcassets in Resources */,
				223145DB1B66A5DE00084DC7 /* Main.storyboard in Resources */,
			);
			runOnlyForDeploymentPostprocessing = 0;
		};
		223145E41B66A5DE00084DC7 /* Resources */ = {
			isa = PBXResourcesBuildPhase;
			buildActionMask = 2147483647;
			files = (
			);
			runOnlyForDeploymentPostprocessing = 0;
		};
		223145EF1B66A5DF00084DC7 /* Resources */ = {
			isa = PBXResourcesBuildPhase;
			buildActionMask = 2147483647;
			files = (
			);
			runOnlyForDeploymentPostprocessing = 0;
		};
/* End PBXResourcesBuildPhase section */

/* Begin PBXSourcesBuildPhase section */
		223145CE1B66A5DE00084DC7 /* Sources */ = {
			isa = PBXSourcesBuildPhase;
			buildActionMask = 2147483647;
			files = (
				223145D81B66A5DE00084DC7 /* ViewController.swift in Sources */,
				223145D61B66A5DE00084DC7 /* AppDelegate.swift in Sources */,
			);
			runOnlyForDeploymentPostprocessing = 0;
		};
		223145E21B66A5DE00084DC7 /* Sources */ = {
			isa = PBXSourcesBuildPhase;
			buildActionMask = 2147483647;
			files = (
				223145EB1B66A5DF00084DC7 /* TDDSwiftTests.swift in Sources */,
			);
			runOnlyForDeploymentPostprocessing = 0;
		};
		223145ED1B66A5DF00084DC7 /* Sources */ = {
			isa = PBXSourcesBuildPhase;
			buildActionMask = 2147483647;
			files = (
				223145F61B66A5DF00084DC7 /* TDDSwiftUITests.swift in Sources */,
			);
			runOnlyForDeploymentPostprocessing = 0;
		};
/* End PBXSourcesBuildPhase section */

/* Begin PBXTargetDependency section */
		223145E81B66A5DE00084DC7 /* PBXTargetDependency */ = {
			isa = PBXTargetDependency;
			target = 223145D11B66A5DE00084DC7 /* TDDSwift */;
			targetProxy = 223145E71B66A5DE00084DC7 /* PBXContainerItemProxy */;
		};
		223145F31B66A5DF00084DC7 /* PBXTargetDependency */ = {
			isa = PBXTargetDependency;
			target = 223145D11B66A5DE00084DC7 /* TDDSwift */;
			targetProxy = 223145F21B66A5DF00084DC7 /* PBXContainerItemProxy */;
		};
/* End PBXTargetDependency section */

/* Begin PBXVariantGroup section */
		223145D91B66A5DE00084DC7 /* Main.storyboard */ = {
			isa = PBXVariantGroup;
			children = (
				223145DA1B66A5DE00084DC7 /* Base */,
			);
			name = Main.storyboard;
			sourceTree = "<group>";
		};
		223145DE1B66A5DE00084DC7 /* LaunchScreen.storyboard */ = {
			isa = PBXVariantGroup;
			children = (
				223145DF1B66A5DE00084DC7 /* Base */,
			);
			name = LaunchScreen.storyboard;
			sourceTree = "<group>";
		};
/* End PBXVariantGroup section */

/* Begin XCBuildConfiguration section */
		223145F81B66A5DF00084DC7 /* Debug */ = {
			isa = XCBuildConfiguration;
			buildSettings = {
				ALWAYS_SEARCH_USER_PATHS = NO;
				CLANG_CXX_LANGUAGE_STANDARD = "gnu++0x";
				CLANG_CXX_LIBRARY = "libc++";
				CLANG_ENABLE_MODULES = YES;
				CLANG_ENABLE_OBJC_ARC = YES;
				CLANG_WARN_BOOL_CONVERSION = YES;
				CLANG_WARN_CONSTANT_CONVERSION = YES;
				CLANG_WARN_DIRECT_OBJC_ISA_USAGE = YES_ERROR;
				CLANG_WARN_EMPTY_BODY = YES;
				CLANG_WARN_ENUM_CONVERSION = YES;
				CLANG_WARN_INT_CONVERSION = YES;
				CLANG_WARN_OBJC_ROOT_CLASS = YES_ERROR;
				CLANG_WARN_UNREACHABLE_CODE = YES;
				CLANG_WARN__DUPLICATE_METHOD_MATCH = YES;
				"CODE_SIGN_IDENTITY[sdk=iphoneos*]" = "iPhone Developer";
				COPY_PHASE_STRIP = NO;
				DEBUG_INFORMATION_FORMAT = dwarf;
				ENABLE_STRICT_OBJC_MSGSEND = YES;
				ENABLE_TESTABILITY = YES;
				GCC_C_LANGUAGE_STANDARD = gnu99;
				GCC_DYNAMIC_NO_PIC = NO;
				GCC_NO_COMMON_BLOCKS = YES;
				GCC_OPTIMIZATION_LEVEL = 0;
				GCC_PREPROCESSOR_DEFINITIONS = (
					"DEBUG=1",
					"$(inherited)",
				);
				GCC_WARN_64_TO_32_BIT_CONVERSION = YES;
				GCC_WARN_ABOUT_RETURN_TYPE = YES_ERROR;
				GCC_WARN_UNDECLARED_SELECTOR = YES;
				GCC_WARN_UNINITIALIZED_AUTOS = YES_AGGRESSIVE;
				GCC_WARN_UNUSED_FUNCTION = YES;
				GCC_WARN_UNUSED_VARIABLE = YES;
				IPHONEOS_DEPLOYMENT_TARGET = 9.0;
				MTL_ENABLE_DEBUG_INFO = YES;
				ONLY_ACTIVE_ARCH = YES;
				SDKROOT = iphoneos;
				SWIFT_OPTIMIZATION_LEVEL = "-Onone";
			};
			name = Debug;
		};
		223145F91B66A5DF00084DC7 /* Release */ = {
			isa = XCBuildConfiguration;
			buildSettings = {
				ALWAYS_SEARCH_USER_PATHS = NO;
				CLANG_CXX_LANGUAGE_STANDARD = "gnu++0x";
				CLANG_CXX_LIBRARY = "libc++";
				CLANG_ENABLE_MODULES = YES;
				CLANG_ENABLE_OBJC_ARC = YES;
				CLANG_WARN_BOOL_CONVERSION = YES;
				CLANG_WARN_CONSTANT_CONVERSION = YES;
				CLANG_WARN_DIRECT_OBJC_ISA_USAGE = YES_ERROR;
				CLANG_WARN_EMPTY_BODY = YES;
				CLANG_WARN_ENUM_CONVERSION = YES;
				CLANG_WARN_INT_CONVERSION = YES;
				CLANG_WARN_OBJC_ROOT_CLASS = YES_ERROR;
				CLANG_WARN_UNREACHABLE_CODE = YES;
				CLANG_WARN__DUPLICATE_METHOD_MATCH = YES;
				"CODE_SIGN_IDENTITY[sdk=iphoneos*]" = "iPhone Developer";
				COPY_PHASE_STRIP = NO;
				DEBUG_INFORMATION_FORMAT = "dwarf-with-dsym";
				ENABLE_NS_ASSERTIONS = NO;
				ENABLE_STRICT_OBJC_MSGSEND = YES;
				GCC_C_LANGUAGE_STANDARD = gnu99;
				GCC_NO_COMMON_BLOCKS = YES;
				GCC_WARN_64_TO_32_BIT_CONVERSION = YES;
				GCC_WARN_ABOUT_RETURN_TYPE = YES_ERROR;
				GCC_WARN_UNDECLARED_SELECTOR = YES;
				GCC_WARN_UNINITIALIZED_AUTOS = YES_AGGRESSIVE;
				GCC_WARN_UNUSED_FUNCTION = YES;
				GCC_WARN_UNUSED_VARIABLE = YES;
				IPHONEOS_DEPLOYMENT_TARGET = 9.0;
				MTL_ENABLE_DEBUG_INFO = NO;
				SDKROOT = iphoneos;
				VALIDATE_PRODUCT = YES;
			};
			name = Release;
		};
		223145FB1B66A5DF00084DC7 /* Debug */ = {
			isa = XCBuildConfiguration;
			buildSettings = {
				ASSETCATALOG_COMPILER_APPICON_NAME = AppIcon;
				INFOPLIST_FILE = TDDSwift/Info.plist;
				LD_RUNPATH_SEARCH_PATHS = "$(inherited) @executable_path/Frameworks";
				PRODUCT_BUNDLE_IDENTIFIER = com.beyond2021.TDDSwift;
				PRODUCT_NAME = "$(TARGET_NAME)";
			};
			name = Debug;
		};
		223145FC1B66A5DF00084DC7 /* Release */ = {
			isa = XCBuildConfiguration;
			buildSettings = {
				ASSETCATALOG_COMPILER_APPICON_NAME = AppIcon;
				INFOPLIST_FILE = TDDSwift/Info.plist;
				LD_RUNPATH_SEARCH_PATHS = "$(inherited) @executable_path/Frameworks";
				PRODUCT_BUNDLE_IDENTIFIER = com.beyond2021.TDDSwift;
				PRODUCT_NAME = "$(TARGET_NAME)";
			};
			name = Release;
		};
		223145FE1B66A5DF00084DC7 /* Debug */ = {
			isa = XCBuildConfiguration;
			buildSettings = {
				BUNDLE_LOADER = "$(TEST_HOST)";
				INFOPLIST_FILE = TDDSwiftTests/Info.plist;
				LD_RUNPATH_SEARCH_PATHS = "$(inherited) @executable_path/Frameworks @loader_path/Frameworks";
				PRODUCT_BUNDLE_IDENTIFIER = com.beyond2021.TDDSwiftTests;
				PRODUCT_NAME = "$(TARGET_NAME)";
				TEST_HOST = "$(BUILT_PRODUCTS_DIR)/TDDSwift.app/TDDSwift";
			};
			name = Debug;
		};
		223145FF1B66A5DF00084DC7 /* Release */ = {
			isa = XCBuildConfiguration;
			buildSettings = {
				BUNDLE_LOADER = "$(TEST_HOST)";
				INFOPLIST_FILE = TDDSwiftTests/Info.plist;
				LD_RUNPATH_SEARCH_PATHS = "$(inherited) @executable_path/Frameworks @loader_path/Frameworks";
				PRODUCT_BUNDLE_IDENTIFIER = com.beyond2021.TDDSwiftTests;
				PRODUCT_NAME = "$(TARGET_NAME)";
				TEST_HOST = "$(BUILT_PRODUCTS_DIR)/TDDSwift.app/TDDSwift";
			};
			name = Release;
		};
		223146011B66A5DF00084DC7 /* Debug */ = {
			isa = XCBuildConfiguration;
			buildSettings = {
				INFOPLIST_FILE = TDDSwiftUITests/Info.plist;
				LD_RUNPATH_SEARCH_PATHS = "$(inherited) @executable_path/Frameworks @loader_path/Frameworks";
				PRODUCT_BUNDLE_IDENTIFIER = com.beyond2021.TDDSwiftUITests;
				PRODUCT_NAME = "$(TARGET_NAME)";
				TEST_TARGET_NAME = TDDSwift;
				USES_XCTRUNNER = YES;
			};
			name = Debug;
		};
		223146021B66A5DF00084DC7 /* Release */ = {
			isa = XCBuildConfiguration;
			buildSettings = {
				INFOPLIST_FILE = TDDSwiftUITests/Info.plist;
				LD_RUNPATH_SEARCH_PATHS = "$(inherited) @executable_path/Frameworks @loader_path/Frameworks";
				PRODUCT_BUNDLE_IDENTIFIER = com.beyond2021.TDDSwiftUITests;
				PRODUCT_NAME = "$(TARGET_NAME)";
				TEST_TARGET_NAME = TDDSwift;
				USES_XCTRUNNER = YES;
			};
			name = Release;
		};
/* End XCBuildConfiguration section */

/* Begin XCConfigurationList section */
		223145CD1B66A5DE00084DC7 /* Build configuration list for PBXProject "TDDSwift" */ = {
			isa = XCConfigurationList;
			buildConfigurations = (
				223145F81B66A5DF00084DC7 /* Debug */,
				223145F91B66A5DF00084DC7 /* Release */,
			);
			defaultConfigurationIsVisible = 0;
			defaultConfigurationName = Release;
		};
		223145FA1B66A5DF00084DC7 /* Build configuration list for PBXNativeTarget "TDDSwift" */ = {
			isa = XCConfigurationList;
			buildConfigurations = (
				223145FB1B66A5DF00084DC7 /* Debug */,
				223145FC1B66A5DF00084DC7 /* Release */,
			);
			defaultConfigurationIsVisible = 0;
		};
		223145FD1B66A5DF00084DC7 /* Build configuration list for PBXNativeTarget "TDDSwiftTests" */ = {
			isa = XCConfigurationList;
			buildConfigurations = (
				223145FE1B66A5DF00084DC7 /* Debug */,
				223145FF1B66A5DF00084DC7 /* Release */,
			);
			defaultConfigurationIsVisible = 0;
		};
		223146001B66A5DF00084DC7 /* Build configuration list for PBXNativeTarget "TDDSwiftUITests" */ = {
			isa = XCConfigurationList;
			buildConfigurations = (
				223146011B66A5DF00084DC7 /* Debug */,
				223146021B66A5DF00084DC7 /* Release */,
			);
			defaultConfigurationIsVisible = 0;
		};
/* End XCConfigurationList section */
	};
	rootObject = 223145CA1B66A5DE00084DC7 /* Project object */;
}
