// !$*UTF8*$!
{
	archiveVersion = 1;
	classes = {
	};
	objectVersion = 46;
	objects = {

/* Begin PBXBuildFile section */
		22A04B241B61739800EDCE86 /* NewsFeedViewController.swift in Sources */ = {isa = PBXBuildFile; fileRef = 22A04B231B61739800EDCE86 /* NewsFeedViewController.swift */; };
		22A04B2B1B61773D00EDCE86 /* NewsCell.swift in Sources */ = {isa = PBXBuildFile; fileRef = 22A04B2A1B61773D00EDCE86 /* NewsCell.swift */; };
		22EF35061B605C9E0074C46D /* AppDelegate.swift in Sources */ = {isa = PBXBuildFile; fileRef = 22EF35051B605C9E0074C46D /* AppDelegate.swift */; };
		22EF350B1B605C9E0074C46D /* Main.storyboard in Resources */ = {isa = PBXBuildFile; fileRef = 22EF35091B605C9E0074C46D /* Main.storyboard */; };
		22EF350E1B605C9E0074C46D /* GNews.xcdatamodeld in Sources */ = {isa = PBXBuildFile; fileRef = 22EF350C1B605C9E0074C46D /* GNews.xcdatamodeld */; };
		22EF35101B605C9E0074C46D /* Assets.xcassets in Resources */ = {isa = PBXBuildFile; fileRef = 22EF350F1B605C9E0074C46D /* Assets.xcassets */; };
		22EF35131B605C9E0074C46D /* LaunchScreen.storyboard in Resources */ = {isa = PBXBuildFile; fileRef = 22EF35111B605C9E0074C46D /* LaunchScreen.storyboard */; };
		22EF351E1B605C9F0074C46D /* GNewsTests.swift in Sources */ = {isa = PBXBuildFile; fileRef = 22EF351D1B605C9F0074C46D /* GNewsTests.swift */; };
		22EF35291B605C9F0074C46D /* GNewsUITests.swift in Sources */ = {isa = PBXBuildFile; fileRef = 22EF35281B605C9F0074C46D /* GNewsUITests.swift */; };
		22EF35371B6077D60074C46D /* SystemConfiguration.framework in Frameworks */ = {isa = PBXBuildFile; fileRef = 22EF35361B6077D60074C46D /* SystemConfiguration.framework */; };
		22EF35391B6077E60074C46D /* Security.framework in Frameworks */ = {isa = PBXBuildFile; fileRef = 22EF35381B6077E60074C46D /* Security.framework */; };
		22EF353B1B6077F80074C46D /* MobileCoreServices.framework in Frameworks */ = {isa = PBXBuildFile; fileRef = 22EF353A1B6077F80074C46D /* MobileCoreServices.framework */; };
		22EF353D1B6078200074C46D /* Foundation.framework in Frameworks */ = {isa = PBXBuildFile; fileRef = 22EF353C1B6078200074C46D /* Foundation.framework */; };
		22EF353F1B6078340074C46D /* CoreGraphics.framework in Frameworks */ = {isa = PBXBuildFile; fileRef = 22EF353E1B6078340074C46D /* CoreGraphics.framework */; };
		ACD6BE7F4A607C7EEA4CF060 /* libPods-GNews.a in Frameworks */ = {isa = PBXBuildFile; fileRef = 815AAFA48BD7962D2C0B90E1 /* libPods-GNews.a */; };
/* End PBXBuildFile section */

/* Begin PBXContainerItemProxy section */
		22EF351A1B605C9F0074C46D /* PBXContainerItemProxy */ = {
			isa = PBXContainerItemProxy;
			containerPortal = 22EF34FA1B605C9E0074C46D /* Project object */;
			proxyType = 1;
			remoteGlobalIDString = 22EF35011B605C9E0074C46D;
			remoteInfo = GNews;
		};
		22EF35251B605C9F0074C46D /* PBXContainerItemProxy */ = {
			isa = PBXContainerItemProxy;
			containerPortal = 22EF34FA1B605C9E0074C46D /* Project object */;
			proxyType = 1;
			remoteGlobalIDString = 22EF35011B605C9E0074C46D;
			remoteInfo = GNews;
		};
/* End PBXContainerItemProxy section */

/* Begin PBXFileReference section */
		22A04B231B61739800EDCE86 /* NewsFeedViewController.swift */ = {isa = PBXFileReference; fileEncoding = 4; lastKnownFileType = sourcecode.swift; path = NewsFeedViewController.swift; sourceTree = "<group>"; };
		22A04B261B61747E00EDCE86 /* GNews-Bridging-Header.h */ = {isa = PBXFileReference; lastKnownFileType = sourcecode.c.h; path = "GNews-Bridging-Header.h"; sourceTree = "<group>"; };
		22A04B2A1B61773D00EDCE86 /* NewsCell.swift */ = {isa = PBXFileReference; fileEncoding = 4; lastKnownFileType = sourcecode.swift; path = NewsCell.swift; sourceTree = "<group>"; };
		22EF35021B605C9E0074C46D /* GNews.app */ = {isa = PBXFileReference; explicitFileType = wrapper.application; includeInIndex = 0; path = GNews.app; sourceTree = BUILT_PRODUCTS_DIR; };
		22EF35051B605C9E0074C46D /* AppDelegate.swift */ = {isa = PBXFileReference; lastKnownFileType = sourcecode.swift; path = AppDelegate.swift; sourceTree = "<group>"; };
		22EF350A1B605C9E0074C46D /* Base */ = {isa = PBXFileReference; lastKnownFileType = file.storyboard; name = Base; path = Base.lproj/Main.storyboard; sourceTree = "<group>"; };
		22EF350D1B605C9E0074C46D /* GNews.xcdatamodel */ = {isa = PBXFileReference; lastKnownFileType = wrapper.xcdatamodel; path = GNews.xcdatamodel; sourceTree = "<group>"; };
		22EF350F1B605C9E0074C46D /* Assets.xcassets */ = {isa = PBXFileReference; lastKnownFileType = folder.assetcatalog; path = Assets.xcassets; sourceTree = "<group>"; };
		22EF35121B605C9E0074C46D /* Base */ = {isa = PBXFileReference; lastKnownFileType = file.storyboard; name = Base; path = Base.lproj/LaunchScreen.storyboard; sourceTree = "<group>"; };
		22EF35141B605C9E0074C46D /* Info.plist */ = {isa = PBXFileReference; lastKnownFileType = text.plist.xml; path = Info.plist; sourceTree = "<group>"; };
		22EF35191B605C9F0074C46D /* GNewsTests.xctest */ = {isa = PBXFileReference; explicitFileType = wrapper.cfbundle; includeInIndex = 0; path = GNewsTests.xctest; sourceTree = BUILT_PRODUCTS_DIR; };
		22EF351D1B605C9F0074C46D /* GNewsTests.swift */ = {isa = PBXFileReference; lastKnownFileType = sourcecode.swift; path = GNewsTests.swift; sourceTree = "<group>"; };
		22EF351F1B605C9F0074C46D /* Info.plist */ = {isa = PBXFileReference; lastKnownFileType = text.plist.xml; path = Info.plist; sourceTree = "<group>"; };
		22EF35241B605C9F0074C46D /* GNewsUITests.xctest */ = {isa = PBXFileReference; explicitFileType = wrapper.cfbundle; includeInIndex = 0; path = GNewsUITests.xctest; sourceTree = BUILT_PRODUCTS_DIR; };
		22EF35281B605C9F0074C46D /* GNewsUITests.swift */ = {isa = PBXFileReference; lastKnownFileType = sourcecode.swift; path = GNewsUITests.swift; sourceTree = "<group>"; };
		22EF352A1B605C9F0074C46D /* Info.plist */ = {isa = PBXFileReference; lastKnownFileType = text.plist.xml; path = Info.plist; sourceTree = "<group>"; };
		22EF35361B6077D60074C46D /* SystemConfiguration.framework */ = {isa = PBXFileReference; lastKnownFileType = wrapper.framework; name = SystemConfiguration.framework; path = System/Library/Frameworks/SystemConfiguration.framework; sourceTree = SDKROOT; };
		22EF35381B6077E60074C46D /* Security.framework */ = {isa = PBXFileReference; lastKnownFileType = wrapper.framework; name = Security.framework; path = System/Library/Frameworks/Security.framework; sourceTree = SDKROOT; };
		22EF353A1B6077F80074C46D /* MobileCoreServices.framework */ = {isa = PBXFileReference; lastKnownFileType = wrapper.framework; name = MobileCoreServices.framework; path = System/Library/Frameworks/MobileCoreServices.framework; sourceTree = SDKROOT; };
		22EF353C1B6078200074C46D /* Foundation.framework */ = {isa = PBXFileReference; lastKnownFileType = wrapper.framework; name = Foundation.framework; path = System/Library/Frameworks/Foundation.framework; sourceTree = SDKROOT; };
		22EF353E1B6078340074C46D /* CoreGraphics.framework */ = {isa = PBXFileReference; lastKnownFileType = wrapper.framework; name = CoreGraphics.framework; path = System/Library/Frameworks/CoreGraphics.framework; sourceTree = SDKROOT; };
		815AAFA48BD7962D2C0B90E1 /* libPods-GNews.a */ = {isa = PBXFileReference; explicitFileType = archive.ar; includeInIndex = 0; path = "libPods-GNews.a"; sourceTree = BUILT_PRODUCTS_DIR; };
		982C776941310955A839DF60 /* Pods-GNews.release.xcconfig */ = {isa = PBXFileReference; includeInIndex = 1; lastKnownFileType = text.xcconfig; name = "Pods-GNews.release.xcconfig"; path = "Pods/Target Support Files/Pods-GNews/Pods-GNews.release.xcconfig"; sourceTree = "<group>"; };
		A5EA4720E6215E686EB2A531 /* Pods-GNews.debug.xcconfig */ = {isa = PBXFileReference; includeInIndex = 1; lastKnownFileType = text.xcconfig; name = "Pods-GNews.debug.xcconfig"; path = "Pods/Target Support Files/Pods-GNews/Pods-GNews.debug.xcconfig"; sourceTree = "<group>"; };
/* End PBXFileReference section */

/* Begin PBXFrameworksBuildPhase section */
		22EF34FF1B605C9E0074C46D /* Frameworks */ = {
			isa = PBXFrameworksBuildPhase;
			buildActionMask = 2147483647;
			files = (
				22EF353F1B6078340074C46D /* CoreGraphics.framework in Frameworks */,
				22EF353D1B6078200074C46D /* Foundation.framework in Frameworks */,
				22EF353B1B6077F80074C46D /* MobileCoreServices.framework in Frameworks */,
				22EF35391B6077E60074C46D /* Security.framework in Frameworks */,
				22EF35371B6077D60074C46D /* SystemConfiguration.framework in Frameworks */,
				ACD6BE7F4A607C7EEA4CF060 /* libPods-GNews.a in Frameworks */,
			);
			runOnlyForDeploymentPostprocessing = 0;
		};
		22EF35161B605C9F0074C46D /* Frameworks */ = {
			isa = PBXFrameworksBuildPhase;
			buildActionMask = 2147483647;
			files = (
			);
			runOnlyForDeploymentPostprocessing = 0;
		};
		22EF35211B605C9F0074C46D /* Frameworks */ = {
			isa = PBXFrameworksBuildPhase;
			buildActionMask = 2147483647;
			files = (
			);
			runOnlyForDeploymentPostprocessing = 0;
		};
/* End PBXFrameworksBuildPhase section */

/* Begin PBXGroup section */
		22A04B251B6173A900EDCE86 /* View Controllers */ = {
			isa = PBXGroup;
			children = (
				22A04B231B61739800EDCE86 /* NewsFeedViewController.swift */,
			);
			name = "View Controllers";
			sourceTree = "<group>";
		};
		22A04B291B6176AB00EDCE86 /* Views */ = {
			isa = PBXGroup;
			children = (
				22A04B2A1B61773D00EDCE86 /* NewsCell.swift */,
			);
			name = Views;
			sourceTree = "<group>";
		};
		22EF34F91B605C9E0074C46D = {
			isa = PBXGroup;
			children = (
				22EF35041B605C9E0074C46D /* GNews */,
				22EF351C1B605C9F0074C46D /* GNewsTests */,
				22EF35271B605C9F0074C46D /* GNewsUITests */,
				22EF35031B605C9E0074C46D /* Products */,
				452219377BE75B656F9D411A /* Pods */,
				6E0856A3B8CECEDCE2113540 /* Frameworks */,
			);
			sourceTree = "<group>";
		};
		22EF35031B605C9E0074C46D /* Products */ = {
			isa = PBXGroup;
			children = (
				22EF35021B605C9E0074C46D /* GNews.app */,
				22EF35191B605C9F0074C46D /* GNewsTests.xctest */,
				22EF35241B605C9F0074C46D /* GNewsUITests.xctest */,
			);
			name = Products;
			sourceTree = "<group>";
		};
		22EF35041B605C9E0074C46D /* GNews */ = {
			isa = PBXGroup;
			children = (
				22A04B291B6176AB00EDCE86 /* Views */,
				22EF35051B605C9E0074C46D /* AppDelegate.swift */,
				22EF35091B605C9E0074C46D /* Main.storyboard */,
				22EF350F1B605C9E0074C46D /* Assets.xcassets */,
				22EF35111B605C9E0074C46D /* LaunchScreen.storyboard */,
				22EF35141B605C9E0074C46D /* Info.plist */,
				22EF350C1B605C9E0074C46D /* GNews.xcdatamodeld */,
				22A04B251B6173A900EDCE86 /* View Controllers */,
				22A04B261B61747E00EDCE86 /* GNews-Bridging-Header.h */,
			);
			path = GNews;
			sourceTree = "<group>";
		};
		22EF351C1B605C9F0074C46D /* GNewsTests */ = {
			isa = PBXGroup;
			children = (
				22EF351D1B605C9F0074C46D /* GNewsTests.swift */,
				22EF351F1B605C9F0074C46D /* Info.plist */,
			);
			path = GNewsTests;
			sourceTree = "<group>";
		};
		22EF35271B605C9F0074C46D /* GNewsUITests */ = {
			isa = PBXGroup;
			children = (
				22EF35281B605C9F0074C46D /* GNewsUITests.swift */,
				22EF352A1B605C9F0074C46D /* Info.plist */,
			);
			path = GNewsUITests;
			sourceTree = "<group>";
		};
		452219377BE75B656F9D411A /* Pods */ = {
			isa = PBXGroup;
			children = (
				A5EA4720E6215E686EB2A531 /* Pods-GNews.debug.xcconfig */,
				982C776941310955A839DF60 /* Pods-GNews.release.xcconfig */,
			);
			name = Pods;
			sourceTree = "<group>";
		};
		6E0856A3B8CECEDCE2113540 /* Frameworks */ = {
			isa = PBXGroup;
			children = (
				22EF353E1B6078340074C46D /* CoreGraphics.framework */,
				22EF353C1B6078200074C46D /* Foundation.framework */,
				22EF353A1B6077F80074C46D /* MobileCoreServices.framework */,
				22EF35381B6077E60074C46D /* Security.framework */,
				22EF35361B6077D60074C46D /* SystemConfiguration.framework */,
				815AAFA48BD7962D2C0B90E1 /* libPods-GNews.a */,
			);
			name = Frameworks;
			sourceTree = "<group>";
		};
/* End PBXGroup section */

/* Begin PBXNativeTarget section */
		22EF35011B605C9E0074C46D /* GNews */ = {
			isa = PBXNativeTarget;
			buildConfigurationList = 22EF352D1B605C9F0074C46D /* Build configuration list for PBXNativeTarget "GNews" */;
			buildPhases = (
				26AFB2AA98542500BC2FBF75 /* Check Pods Manifest.lock */,
				22EF34FE1B605C9E0074C46D /* Sources */,
				22EF34FF1B605C9E0074C46D /* Frameworks */,
				22EF35001B605C9E0074C46D /* Resources */,
				BB8B9FC011763B68C68AD79F /* Copy Pods Resources */,
			);
			buildRules = (
			);
			dependencies = (
			);
			name = GNews;
			productName = GNews;
			productReference = 22EF35021B605C9E0074C46D /* GNews.app */;
			productType = "com.apple.product-type.application";
		};
		22EF35181B605C9F0074C46D /* GNewsTests */ = {
			isa = PBXNativeTarget;
			buildConfigurationList = 22EF35301B605C9F0074C46D /* Build configuration list for PBXNativeTarget "GNewsTests" */;
			buildPhases = (
				22EF35151B605C9F0074C46D /* Sources */,
				22EF35161B605C9F0074C46D /* Frameworks */,
				22EF35171B605C9F0074C46D /* Resources */,
			);
			buildRules = (
			);
			dependencies = (
				22EF351B1B605C9F0074C46D /* PBXTargetDependency */,
			);
			name = GNewsTests;
			productName = GNewsTests;
			productReference = 22EF35191B605C9F0074C46D /* GNewsTests.xctest */;
			productType = "com.apple.product-type.bundle.unit-test";
		};
		22EF35231B605C9F0074C46D /* GNewsUITests */ = {
			isa = PBXNativeTarget;
			buildConfigurationList = 22EF35331B605C9F0074C46D /* Build configuration list for PBXNativeTarget "GNewsUITests" */;
			buildPhases = (
				22EF35201B605C9F0074C46D /* Sources */,
				22EF35211B605C9F0074C46D /* Frameworks */,
				22EF35221B605C9F0074C46D /* Resources */,
			);
			buildRules = (
			);
			dependencies = (
				22EF35261B605C9F0074C46D /* PBXTargetDependency */,
			);
			name = GNewsUITests;
			productName = GNewsUITests;
			productReference = 22EF35241B605C9F0074C46D /* GNewsUITests.xctest */;
			productType = "com.apple.product-type.bundle.ui-testing";
		};
/* End PBXNativeTarget section */

/* Begin PBXProject section */
		22EF34FA1B605C9E0074C46D /* Project object */ = {
			isa = PBXProject;
			attributes = {
				LastSwiftUpdateCheck = 0700;
				LastUpgradeCheck = 0700;
				ORGANIZATIONNAME = "Beyond 2021";
				TargetAttributes = {
					22EF35011B605C9E0074C46D = {
						CreatedOnToolsVersion = 7.0;
					};
					22EF35181B605C9F0074C46D = {
						CreatedOnToolsVersion = 7.0;
						TestTargetID = 22EF35011B605C9E0074C46D;
					};
					22EF35231B605C9F0074C46D = {
						CreatedOnToolsVersion = 7.0;
						TestTargetID = 22EF35011B605C9E0074C46D;
					};
				};
			};
			buildConfigurationList = 22EF34FD1B605C9E0074C46D /* Build configuration list for PBXProject "GNews" */;
			compatibilityVersion = "Xcode 3.2";
			developmentRegion = English;
			hasScannedForEncodings = 0;
			knownRegions = (
				en,
				Base,
			);
			mainGroup = 22EF34F91B605C9E0074C46D;
			productRefGroup = 22EF35031B605C9E0074C46D /* Products */;
			projectDirPath = "";
			projectRoot = "";
			targets = (
				22EF35011B605C9E0074C46D /* GNews */,
				22EF35181B605C9F0074C46D /* GNewsTests */,
				22EF35231B605C9F0074C46D /* GNewsUITests */,
			);
		};
/* End PBXProject section */

/* Begin PBXResourcesBuildPhase section */
		22EF35001B605C9E0074C46D /* Resources */ = {
			isa = PBXResourcesBuildPhase;
			buildActionMask = 2147483647;
			files = (
				22EF35131B605C9E0074C46D /* LaunchScreen.storyboard in Resources */,
				22EF35101B605C9E0074C46D /* Assets.xcassets in Resources */,
				22EF350B1B605C9E0074C46D /* Main.storyboard in Resources */,
			);
			runOnlyForDeploymentPostprocessing = 0;
		};
		22EF35171B605C9F0074C46D /* Resources */ = {
			isa = PBXResourcesBuildPhase;
			buildActionMask = 2147483647;
			files = (
			);
			runOnlyForDeploymentPostprocessing = 0;
		};
		22EF35221B605C9F0074C46D /* Resources */ = {
			isa = PBXResourcesBuildPhase;
			buildActionMask = 2147483647;
			files = (
			);
			runOnlyForDeploymentPostprocessing = 0;
		};
/* End PBXResourcesBuildPhase section */

/* Begin PBXShellScriptBuildPhase section */
		26AFB2AA98542500BC2FBF75 /* Check Pods Manifest.lock */ = {
			isa = PBXShellScriptBuildPhase;
			buildActionMask = 2147483647;
			files = (
			);
			inputPaths = (
			);
			name = "Check Pods Manifest.lock";
			outputPaths = (
			);
			runOnlyForDeploymentPostprocessing = 0;
			shellPath = /bin/sh;
			shellScript = "diff \"${PODS_ROOT}/../Podfile.lock\" \"${PODS_ROOT}/Manifest.lock\" > /dev/null\nif [[ $? != 0 ]] ; then\n    cat << EOM\nerror: The sandbox is not in sync with the Podfile.lock. Run 'pod install' or update your CocoaPods installation.\nEOM\n    exit 1\nfi\n";
			showEnvVarsInLog = 0;
		};
		BB8B9FC011763B68C68AD79F /* Copy Pods Resources */ = {
			isa = PBXShellScriptBuildPhase;
			buildActionMask = 2147483647;
			files = (
			);
			inputPaths = (
			);
			name = "Copy Pods Resources";
			outputPaths = (
			);
			runOnlyForDeploymentPostprocessing = 0;
			shellPath = /bin/sh;
			shellScript = "\"${SRCROOT}/Pods/Target Support Files/Pods-GNews/Pods-GNews-resources.sh\"\n";
			showEnvVarsInLog = 0;
		};
/* End PBXShellScriptBuildPhase section */

/* Begin PBXSourcesBuildPhase section */
		22EF34FE1B605C9E0074C46D /* Sources */ = {
			isa = PBXSourcesBuildPhase;
			buildActionMask = 2147483647;
			files = (
				22EF350E1B605C9E0074C46D /* GNews.xcdatamodeld in Sources */,
				22EF35061B605C9E0074C46D /* AppDelegate.swift in Sources */,
				22A04B2B1B61773D00EDCE86 /* NewsCell.swift in Sources */,
				22A04B241B61739800EDCE86 /* NewsFeedViewController.swift in Sources */,
			);
			runOnlyForDeploymentPostprocessing = 0;
		};
		22EF35151B605C9F0074C46D /* Sources */ = {
			isa = PBXSourcesBuildPhase;
			buildActionMask = 2147483647;
			files = (
				22EF351E1B605C9F0074C46D /* GNewsTests.swift in Sources */,
			);
			runOnlyForDeploymentPostprocessing = 0;
		};
		22EF35201B605C9F0074C46D /* Sources */ = {
			isa = PBXSourcesBuildPhase;
			buildActionMask = 2147483647;
			files = (
				22EF35291B605C9F0074C46D /* GNewsUITests.swift in Sources */,
			);
			runOnlyForDeploymentPostprocessing = 0;
		};
/* End PBXSourcesBuildPhase section */

/* Begin PBXTargetDependency section */
		22EF351B1B605C9F0074C46D /* PBXTargetDependency */ = {
			isa = PBXTargetDependency;
			target = 22EF35011B605C9E0074C46D /* GNews */;
			targetProxy = 22EF351A1B605C9F0074C46D /* PBXContainerItemProxy */;
		};
		22EF35261B605C9F0074C46D /* PBXTargetDependency */ = {
			isa = PBXTargetDependency;
			target = 22EF35011B605C9E0074C46D /* GNews */;
			targetProxy = 22EF35251B605C9F0074C46D /* PBXContainerItemProxy */;
		};
/* End PBXTargetDependency section */

/* Begin PBXVariantGroup section */
		22EF35091B605C9E0074C46D /* Main.storyboard */ = {
			isa = PBXVariantGroup;
			children = (
				22EF350A1B605C9E0074C46D /* Base */,
			);
			name = Main.storyboard;
			sourceTree = "<group>";
		};
		22EF35111B605C9E0074C46D /* LaunchScreen.storyboard */ = {
			isa = PBXVariantGroup;
			children = (
				22EF35121B605C9E0074C46D /* Base */,
			);
			name = LaunchScreen.storyboard;
			sourceTree = "<group>";
		};
/* End PBXVariantGroup section */

/* Begin XCBuildConfiguration section */
		22EF352B1B605C9F0074C46D /* Debug */ = {
			isa = XCBuildConfiguration;
			buildSettings = {
				ALWAYS_SEARCH_USER_PATHS = NO;
				CLANG_CXX_LANGUAGE_STANDARD = "gnu++0x";
				CLANG_CXX_LIBRARY = "libc++";
				CLANG_ENABLE_MODULES = YES;
				CLANG_ENABLE_OBJC_ARC = YES;
				CLANG_WARN_BOOL_CONVERSION = YES;
				CLANG_WARN_CONSTANT_CONVERSION = YES;
				CLANG_WARN_DIRECT_OBJC_ISA_USAGE = YES_ERROR;
				CLANG_WARN_EMPTY_BODY = YES;
				CLANG_WARN_ENUM_CONVERSION = YES;
				CLANG_WARN_INT_CONVERSION = YES;
				CLANG_WARN_OBJC_ROOT_CLASS = YES_ERROR;
				CLANG_WARN_UNREACHABLE_CODE = YES;
				CLANG_WARN__DUPLICATE_METHOD_MATCH = YES;
				"CODE_SIGN_IDENTITY[sdk=iphoneos*]" = "iPhone Developer";
				COPY_PHASE_STRIP = NO;
				DEBUG_INFORMATION_FORMAT = dwarf;
				ENABLE_STRICT_OBJC_MSGSEND = YES;
				ENABLE_TESTABILITY = YES;
				GCC_C_LANGUAGE_STANDARD = gnu99;
				GCC_DYNAMIC_NO_PIC = NO;
				GCC_NO_COMMON_BLOCKS = YES;
				GCC_OPTIMIZATION_LEVEL = 0;
				GCC_PREPROCESSOR_DEFINITIONS = (
					"DEBUG=1",
					"$(inherited)",
				);
				GCC_WARN_64_TO_32_BIT_CONVERSION = YES;
				GCC_WARN_ABOUT_RETURN_TYPE = YES_ERROR;
				GCC_WARN_UNDECLARED_SELECTOR = YES;
				GCC_WARN_UNINITIALIZED_AUTOS = YES_AGGRESSIVE;
				GCC_WARN_UNUSED_FUNCTION = YES;
				GCC_WARN_UNUSED_VARIABLE = YES;
				IPHONEOS_DEPLOYMENT_TARGET = 9.0;
				MTL_ENABLE_DEBUG_INFO = YES;
				ONLY_ACTIVE_ARCH = YES;
				SDKROOT = iphoneos;
				SWIFT_OPTIMIZATION_LEVEL = "-Onone";
			};
			name = Debug;
		};
		22EF352C1B605C9F0074C46D /* Release */ = {
			isa = XCBuildConfiguration;
			buildSettings = {
				ALWAYS_SEARCH_USER_PATHS = NO;
				CLANG_CXX_LANGUAGE_STANDARD = "gnu++0x";
				CLANG_CXX_LIBRARY = "libc++";
				CLANG_ENABLE_MODULES = YES;
				CLANG_ENABLE_OBJC_ARC = YES;
				CLANG_WARN_BOOL_CONVERSION = YES;
				CLANG_WARN_CONSTANT_CONVERSION = YES;
				CLANG_WARN_DIRECT_OBJC_ISA_USAGE = YES_ERROR;
				CLANG_WARN_EMPTY_BODY = YES;
				CLANG_WARN_ENUM_CONVERSION = YES;
				CLANG_WARN_INT_CONVERSION = YES;
				CLANG_WARN_OBJC_ROOT_CLASS = YES_ERROR;
				CLANG_WARN_UNREACHABLE_CODE = YES;
				CLANG_WARN__DUPLICATE_METHOD_MATCH = YES;
				"CODE_SIGN_IDENTITY[sdk=iphoneos*]" = "iPhone Developer";
				COPY_PHASE_STRIP = NO;
				DEBUG_INFORMATION_FORMAT = "dwarf-with-dsym";
				ENABLE_NS_ASSERTIONS = NO;
				ENABLE_STRICT_OBJC_MSGSEND = YES;
				GCC_C_LANGUAGE_STANDARD = gnu99;
				GCC_NO_COMMON_BLOCKS = YES;
				GCC_WARN_64_TO_32_BIT_CONVERSION = YES;
				GCC_WARN_ABOUT_RETURN_TYPE = YES_ERROR;
				GCC_WARN_UNDECLARED_SELECTOR = YES;
				GCC_WARN_UNINITIALIZED_AUTOS = YES_AGGRESSIVE;
				GCC_WARN_UNUSED_FUNCTION = YES;
				GCC_WARN_UNUSED_VARIABLE = YES;
				IPHONEOS_DEPLOYMENT_TARGET = 9.0;
				MTL_ENABLE_DEBUG_INFO = NO;
				SDKROOT = iphoneos;
				VALIDATE_PRODUCT = YES;
			};
			name = Release;
		};
		22EF352E1B605C9F0074C46D /* Debug */ = {
			isa = XCBuildConfiguration;
			baseConfigurationReference = A5EA4720E6215E686EB2A531 /* Pods-GNews.debug.xcconfig */;
			buildSettings = {
				ASSETCATALOG_COMPILER_APPICON_NAME = AppIcon;
				CLANG_ENABLE_MODULES = YES;
				INFOPLIST_FILE = GNews/Info.plist;
				LD_RUNPATH_SEARCH_PATHS = "$(inherited) @executable_path/Frameworks";
				PRODUCT_BUNDLE_IDENTIFIER = com.beyond2021.GNews;
				PRODUCT_NAME = "$(TARGET_NAME)";
				SWIFT_OBJC_BRIDGING_HEADER = "GNews/GNews-Bridging-Header.h";
				SWIFT_OPTIMIZATION_LEVEL = "-Onone";
			};
			name = Debug;
		};
		22EF352F1B605C9F0074C46D /* Release */ = {
			isa = XCBuildConfiguration;
			baseConfigurationReference = 982C776941310955A839DF60 /* Pods-GNews.release.xcconfig */;
			buildSettings = {
				ASSETCATALOG_COMPILER_APPICON_NAME = AppIcon;
				CLANG_ENABLE_MODULES = YES;
				INFOPLIST_FILE = GNews/Info.plist;
				LD_RUNPATH_SEARCH_PATHS = "$(inherited) @executable_path/Frameworks";
				PRODUCT_BUNDLE_IDENTIFIER = com.beyond2021.GNews;
				PRODUCT_NAME = "$(TARGET_NAME)";
				SWIFT_OBJC_BRIDGING_HEADER = "GNews/GNews-Bridging-Header.h";
			};
			name = Release;
		};
		22EF35311B605C9F0074C46D /* Debug */ = {
			isa = XCBuildConfiguration;
			buildSettings = {
				BUNDLE_LOADER = "$(TEST_HOST)";
				INFOPLIST_FILE = GNewsTests/Info.plist;
				LD_RUNPATH_SEARCH_PATHS = "$(inherited) @executable_path/Frameworks @loader_path/Frameworks";
				PRODUCT_BUNDLE_IDENTIFIER = com.beyond2021.GNewsTests;
				PRODUCT_NAME = "$(TARGET_NAME)";
				TEST_HOST = "$(BUILT_PRODUCTS_DIR)/GNews.app/GNews";
			};
			name = Debug;
		};
		22EF35321B605C9F0074C46D /* Release */ = {
			isa = XCBuildConfiguration;
			buildSettings = {
				BUNDLE_LOADER = "$(TEST_HOST)";
				INFOPLIST_FILE = GNewsTests/Info.plist;
				LD_RUNPATH_SEARCH_PATHS = "$(inherited) @executable_path/Frameworks @loader_path/Frameworks";
				PRODUCT_BUNDLE_IDENTIFIER = com.beyond2021.GNewsTests;
				PRODUCT_NAME = "$(TARGET_NAME)";
				TEST_HOST = "$(BUILT_PRODUCTS_DIR)/GNews.app/GNews";
			};
			name = Release;
		};
		22EF35341B605C9F0074C46D /* Debug */ = {
			isa = XCBuildConfiguration;
			buildSettings = {
				INFOPLIST_FILE = GNewsUITests/Info.plist;
				LD_RUNPATH_SEARCH_PATHS = "$(inherited) @executable_path/Frameworks @loader_path/Frameworks";
				PRODUCT_BUNDLE_IDENTIFIER = com.beyond2021.GNewsUITests;
				PRODUCT_NAME = "$(TARGET_NAME)";
				TEST_TARGET_NAME = GNews;
				USES_XCTRUNNER = YES;
			};
			name = Debug;
		};
		22EF35351B605C9F0074C46D /* Release */ = {
			isa = XCBuildConfiguration;
			buildSettings = {
				INFOPLIST_FILE = GNewsUITests/Info.plist;
				LD_RUNPATH_SEARCH_PATHS = "$(inherited) @executable_path/Frameworks @loader_path/Frameworks";
				PRODUCT_BUNDLE_IDENTIFIER = com.beyond2021.GNewsUITests;
				PRODUCT_NAME = "$(TARGET_NAME)";
				TEST_TARGET_NAME = GNews;
				USES_XCTRUNNER = YES;
			};
			name = Release;
		};
/* End XCBuildConfiguration section */

/* Begin XCConfigurationList section */
		22EF34FD1B605C9E0074C46D /* Build configuration list for PBXProject "GNews" */ = {
			isa = XCConfigurationList;
			buildConfigurations = (
				22EF352B1B605C9F0074C46D /* Debug */,
				22EF352C1B605C9F0074C46D /* Release */,
			);
			defaultConfigurationIsVisible = 0;
			defaultConfigurationName = Release;
		};
		22EF352D1B605C9F0074C46D /* Build configuration list for PBXNativeTarget "GNews" */ = {
			isa = XCConfigurationList;
			buildConfigurations = (
				22EF352E1B605C9F0074C46D /* Debug */,
				22EF352F1B605C9F0074C46D /* Release */,
			);
			defaultConfigurationIsVisible = 0;
			defaultConfigurationName = Release;
		};
		22EF35301B605C9F0074C46D /* Build configuration list for PBXNativeTarget "GNewsTests" */ = {
			isa = XCConfigurationList;
			buildConfigurations = (
				22EF35311B605C9F0074C46D /* Debug */,
				22EF35321B605C9F0074C46D /* Release */,
			);
			defaultConfigurationIsVisible = 0;
			defaultConfigurationName = Release;
		};
		22EF35331B605C9F0074C46D /* Build configuration list for PBXNativeTarget "GNewsUITests" */ = {
			isa = XCConfigurationList;
			buildConfigurations = (
				22EF35341B605C9F0074C46D /* Debug */,
				22EF35351B605C9F0074C46D /* Release */,
			);
			defaultConfigurationIsVisible = 0;
			defaultConfigurationName = Release;
		};
/* End XCConfigurationList section */

/* Begin XCVersionGroup section */
		22EF350C1B605C9E0074C46D /* GNews.xcdatamodeld */ = {
			isa = XCVersionGroup;
			children = (
				22EF350D1B605C9E0074C46D /* GNews.xcdatamodel */,
			);
			currentVersion = 22EF350D1B605C9E0074C46D /* GNews.xcdatamodel */;
			path = GNews.xcdatamodeld;
			sourceTree = "<group>";
			versionGroupType = wrapper.xcdatamodel;
		};
/* End XCVersionGroup section */
	};
	rootObject = 22EF34FA1B605C9E0074C46D /* Project object */;
}
